// !$*UTF8*$!
{
	archiveVersion = 1;
	classes = {
	};
	objectVersion = 50;
	objects = {

/* Begin PBXBuildFile section */
		034F5768214FCFE100CC5933 /* AppDelegate.swift in Sources */ = {isa = PBXBuildFile; fileRef = 034F5767214FCFE100CC5933 /* AppDelegate.swift */; };
		034F576A214FCFE200CC5933 /* ViewController.swift in Sources */ = {isa = PBXBuildFile; fileRef = 034F5769214FCFE200CC5933 /* ViewController.swift */; };
		034F576D214FCFE200CC5933 /* Main.storyboard in Resources */ = {isa = PBXBuildFile; fileRef = 034F576B214FCFE200CC5933 /* Main.storyboard */; };
		034F576F214FD02300CC5933 /* Assets.xcassets in Resources */ = {isa = PBXBuildFile; fileRef = 034F576E214FD02300CC5933 /* Assets.xcassets */; };
		034F5772214FD02300CC5933 /* LaunchScreen.storyboard in Resources */ = {isa = PBXBuildFile; fileRef = 034F5770214FD02300CC5933 /* LaunchScreen.storyboard */; };
		034F577D214FD02500CC5933 /* PreparationTests.swift in Sources */ = {isa = PBXBuildFile; fileRef = 034F577C214FD02500CC5933 /* PreparationTests.swift */; };
		034F5788214FD02500CC5933 /* PreparationUITests.swift in Sources */ = {isa = PBXBuildFile; fileRef = 034F5787214FD02500CC5933 /* PreparationUITests.swift */; };
		034F5796214FD4F800CC5933 /* GoogleService-Info.plist in Resources */ = {isa = PBXBuildFile; fileRef = 034F5795214FD4F700CC5933 /* GoogleService-Info.plist */; };
		894F403675C2201E1F7FEBA1 /* Pods_PreparationTests.framework in Frameworks */ = {isa = PBXBuildFile; fileRef = B50E7A8821EDD01361074923 /* Pods_PreparationTests.framework */; };
		C4289AB3E65527792B32856A /* Pods_PreparationUITests.framework in Frameworks */ = {isa = PBXBuildFile; fileRef = 344E75D4AB06CFFFF3942DE2 /* Pods_PreparationUITests.framework */; };
		F17721886E84F4EF84F6482B /* Pods_Preparation.framework in Frameworks */ = {isa = PBXBuildFile; fileRef = AF0CA804F337565936E68981 /* Pods_Preparation.framework */; };
/* End PBXBuildFile section */

/* Begin PBXContainerItemProxy section */
		034F5779214FD02500CC5933 /* PBXContainerItemProxy */ = {
			isa = PBXContainerItemProxy;
			containerPortal = 034F575C214FCFE000CC5933 /* Project object */;
			proxyType = 1;
			remoteGlobalIDString = 034F5763214FCFE100CC5933;
			remoteInfo = Preparation;
		};
		034F5784214FD02500CC5933 /* PBXContainerItemProxy */ = {
			isa = PBXContainerItemProxy;
			containerPortal = 034F575C214FCFE000CC5933 /* Project object */;
			proxyType = 1;
			remoteGlobalIDString = 034F5763214FCFE100CC5933;
			remoteInfo = Preparation;
		};
/* End PBXContainerItemProxy section */

/* Begin PBXFileReference section */
		034F5764214FCFE100CC5933 /* Preparation.app */ = {isa = PBXFileReference; explicitFileType = wrapper.application; includeInIndex = 0; path = Preparation.app; sourceTree = BUILT_PRODUCTS_DIR; };
		034F5767214FCFE100CC5933 /* AppDelegate.swift */ = {isa = PBXFileReference; lastKnownFileType = sourcecode.swift; path = AppDelegate.swift; sourceTree = "<group>"; };
		034F5769214FCFE200CC5933 /* ViewController.swift */ = {isa = PBXFileReference; lastKnownFileType = sourcecode.swift; path = ViewController.swift; sourceTree = "<group>"; };
		034F576C214FCFE200CC5933 /* Base */ = {isa = PBXFileReference; lastKnownFileType = file.storyboard; name = Base; path = Base.lproj/Main.storyboard; sourceTree = "<group>"; };
		034F576E214FD02300CC5933 /* Assets.xcassets */ = {isa = PBXFileReference; lastKnownFileType = folder.assetcatalog; path = Assets.xcassets; sourceTree = "<group>"; };
		034F5771214FD02300CC5933 /* Base */ = {isa = PBXFileReference; lastKnownFileType = file.storyboard; name = Base; path = Base.lproj/LaunchScreen.storyboard; sourceTree = "<group>"; };
		034F5773214FD02300CC5933 /* Info.plist */ = {isa = PBXFileReference; lastKnownFileType = text.plist.xml; path = Info.plist; sourceTree = "<group>"; };
		034F5778214FD02500CC5933 /* PreparationTests.xctest */ = {isa = PBXFileReference; explicitFileType = wrapper.cfbundle; includeInIndex = 0; path = PreparationTests.xctest; sourceTree = BUILT_PRODUCTS_DIR; };
		034F577C214FD02500CC5933 /* PreparationTests.swift */ = {isa = PBXFileReference; lastKnownFileType = sourcecode.swift; path = PreparationTests.swift; sourceTree = "<group>"; };
		034F577E214FD02500CC5933 /* Info.plist */ = {isa = PBXFileReference; lastKnownFileType = text.plist.xml; path = Info.plist; sourceTree = "<group>"; };
		034F5783214FD02500CC5933 /* PreparationUITests.xctest */ = {isa = PBXFileReference; explicitFileType = wrapper.cfbundle; includeInIndex = 0; path = PreparationUITests.xctest; sourceTree = BUILT_PRODUCTS_DIR; };
		034F5787214FD02500CC5933 /* PreparationUITests.swift */ = {isa = PBXFileReference; lastKnownFileType = sourcecode.swift; path = PreparationUITests.swift; sourceTree = "<group>"; };
		034F5789214FD02500CC5933 /* Info.plist */ = {isa = PBXFileReference; lastKnownFileType = text.plist.xml; path = Info.plist; sourceTree = "<group>"; };
		034F5795214FD4F700CC5933 /* GoogleService-Info.plist */ = {isa = PBXFileReference; fileEncoding = 4; lastKnownFileType = text.plist.xml; path = "GoogleService-Info.plist"; sourceTree = "<group>"; };
		034F5797214FD70600CC5933 /* Preparation-Bridging-Header.h */ = {isa = PBXFileReference; lastKnownFileType = sourcecode.c.h; path = "Preparation-Bridging-Header.h"; sourceTree = "<group>"; };
		135601C176754E400F591E4D /* Pods-Preparation.release.xcconfig */ = {isa = PBXFileReference; includeInIndex = 1; lastKnownFileType = text.xcconfig; name = "Pods-Preparation.release.xcconfig"; path = "Pods/Target Support Files/Pods-Preparation/Pods-Preparation.release.xcconfig"; sourceTree = "<group>"; };
		18882669EDA36D8EFF76D450 /* Pods-PreparationTests.debug.xcconfig */ = {isa = PBXFileReference; includeInIndex = 1; lastKnownFileType = text.xcconfig; name = "Pods-PreparationTests.debug.xcconfig"; path = "Pods/Target Support Files/Pods-PreparationTests/Pods-PreparationTests.debug.xcconfig"; sourceTree = "<group>"; };
		344E75D4AB06CFFFF3942DE2 /* Pods_PreparationUITests.framework */ = {isa = PBXFileReference; explicitFileType = wrapper.framework; includeInIndex = 0; path = Pods_PreparationUITests.framework; sourceTree = BUILT_PRODUCTS_DIR; };
		3E24AF4C7AFBE171CD923AEB /* Pods-PreparationTests.release.xcconfig */ = {isa = PBXFileReference; includeInIndex = 1; lastKnownFileType = text.xcconfig; name = "Pods-PreparationTests.release.xcconfig"; path = "Pods/Target Support Files/Pods-PreparationTests/Pods-PreparationTests.release.xcconfig"; sourceTree = "<group>"; };
		7D15AC2B294A0CA852940525 /* Pods-PreparationUITests.debug.xcconfig */ = {isa = PBXFileReference; includeInIndex = 1; lastKnownFileType = text.xcconfig; name = "Pods-PreparationUITests.debug.xcconfig"; path = "Pods/Target Support Files/Pods-PreparationUITests/Pods-PreparationUITests.debug.xcconfig"; sourceTree = "<group>"; };
		AF0CA804F337565936E68981 /* Pods_Preparation.framework */ = {isa = PBXFileReference; explicitFileType = wrapper.framework; includeInIndex = 0; path = Pods_Preparation.framework; sourceTree = BUILT_PRODUCTS_DIR; };
		B50E7A8821EDD01361074923 /* Pods_PreparationTests.framework */ = {isa = PBXFileReference; explicitFileType = wrapper.framework; includeInIndex = 0; path = Pods_PreparationTests.framework; sourceTree = BUILT_PRODUCTS_DIR; };
		DDD9F314354113AF008C691C /* Pods-Preparation.debug.xcconfig */ = {isa = PBXFileReference; includeInIndex = 1; lastKnownFileType = text.xcconfig; name = "Pods-Preparation.debug.xcconfig"; path = "Pods/Target Support Files/Pods-Preparation/Pods-Preparation.debug.xcconfig"; sourceTree = "<group>"; };
		EE6DEA6246FF472C7AA50F42 /* Pods-PreparationUITests.release.xcconfig */ = {isa = PBXFileReference; includeInIndex = 1; lastKnownFileType = text.xcconfig; name = "Pods-PreparationUITests.release.xcconfig"; path = "Pods/Target Support Files/Pods-PreparationUITests/Pods-PreparationUITests.release.xcconfig"; sourceTree = "<group>"; };
/* End PBXFileReference section */

/* Begin PBXFrameworksBuildPhase section */
		034F5761214FCFE100CC5933 /* Frameworks */ = {
			isa = PBXFrameworksBuildPhase;
			buildActionMask = 2147483647;
			files = (
				F17721886E84F4EF84F6482B /* Pods_Preparation.framework in Frameworks */,
			);
			runOnlyForDeploymentPostprocessing = 0;
		};
		034F5775214FD02500CC5933 /* Frameworks */ = {
			isa = PBXFrameworksBuildPhase;
			buildActionMask = 2147483647;
			files = (
				894F403675C2201E1F7FEBA1 /* Pods_PreparationTests.framework in Frameworks */,
			);
			runOnlyForDeploymentPostprocessing = 0;
		};
		034F5780214FD02500CC5933 /* Frameworks */ = {
			isa = PBXFrameworksBuildPhase;
			buildActionMask = 2147483647;
			files = (
				C4289AB3E65527792B32856A /* Pods_PreparationUITests.framework in Frameworks */,
			);
			runOnlyForDeploymentPostprocessing = 0;
		};
/* End PBXFrameworksBuildPhase section */

/* Begin PBXGroup section */
		034F575B214FCFDF00CC5933 = {
			isa = PBXGroup;
			children = (
				034F5766214FCFE100CC5933 /* Preparation */,
				034F577B214FD02500CC5933 /* PreparationTests */,
				034F5786214FD02500CC5933 /* PreparationUITests */,
				034F5765214FCFE100CC5933 /* Products */,
				3AFD5CDCBA8F5D1BECA0D9D1 /* Pods */,
				4C0EBB31512219A1FB7228E4 /* Frameworks */,
			);
			sourceTree = "<group>";
		};
		034F5765214FCFE100CC5933 /* Products */ = {
			isa = PBXGroup;
			children = (
				034F5764214FCFE100CC5933 /* Preparation.app */,
				034F5778214FD02500CC5933 /* PreparationTests.xctest */,
				034F5783214FD02500CC5933 /* PreparationUITests.xctest */,
			);
			name = Products;
			sourceTree = "<group>";
		};
		034F5766214FCFE100CC5933 /* Preparation */ = {
			isa = PBXGroup;
			children = (
				034F5767214FCFE100CC5933 /* AppDelegate.swift */,
				034F5769214FCFE200CC5933 /* ViewController.swift */,
				034F576B214FCFE200CC5933 /* Main.storyboard */,
				034F576E214FD02300CC5933 /* Assets.xcassets */,
				034F5770214FD02300CC5933 /* LaunchScreen.storyboard */,
				034F5773214FD02300CC5933 /* Info.plist */,
				034F5795214FD4F700CC5933 /* GoogleService-Info.plist */,
				034F5797214FD70600CC5933 /* Preparation-Bridging-Header.h */,
			);
			path = Preparation;
			sourceTree = "<group>";
		};
		034F577B214FD02500CC5933 /* PreparationTests */ = {
			isa = PBXGroup;
			children = (
				034F577C214FD02500CC5933 /* PreparationTests.swift */,
				034F577E214FD02500CC5933 /* Info.plist */,
			);
			path = PreparationTests;
			sourceTree = "<group>";
		};
		034F5786214FD02500CC5933 /* PreparationUITests */ = {
			isa = PBXGroup;
			children = (
				034F5787214FD02500CC5933 /* PreparationUITests.swift */,
				034F5789214FD02500CC5933 /* Info.plist */,
			);
			path = PreparationUITests;
			sourceTree = "<group>";
		};
		3AFD5CDCBA8F5D1BECA0D9D1 /* Pods */ = {
			isa = PBXGroup;
			children = (
				DDD9F314354113AF008C691C /* Pods-Preparation.debug.xcconfig */,
				135601C176754E400F591E4D /* Pods-Preparation.release.xcconfig */,
				18882669EDA36D8EFF76D450 /* Pods-PreparationTests.debug.xcconfig */,
				3E24AF4C7AFBE171CD923AEB /* Pods-PreparationTests.release.xcconfig */,
				7D15AC2B294A0CA852940525 /* Pods-PreparationUITests.debug.xcconfig */,
				EE6DEA6246FF472C7AA50F42 /* Pods-PreparationUITests.release.xcconfig */,
			);
			name = Pods;
			sourceTree = "<group>";
		};
		4C0EBB31512219A1FB7228E4 /* Frameworks */ = {
			isa = PBXGroup;
			children = (
				AF0CA804F337565936E68981 /* Pods_Preparation.framework */,
				B50E7A8821EDD01361074923 /* Pods_PreparationTests.framework */,
				344E75D4AB06CFFFF3942DE2 /* Pods_PreparationUITests.framework */,
			);
			name = Frameworks;
			sourceTree = "<group>";
		};
/* End PBXGroup section */

/* Begin PBXNativeTarget section */
		034F5763214FCFE100CC5933 /* Preparation */ = {
			isa = PBXNativeTarget;
			buildConfigurationList = 034F578C214FD02500CC5933 /* Build configuration list for PBXNativeTarget "Preparation" */;
			buildPhases = (
				300BB0545B46D84BB3498919 /* [CP] Check Pods Manifest.lock */,
				034F5760214FCFE100CC5933 /* Sources */,
				034F5761214FCFE100CC5933 /* Frameworks */,
				034F5762214FCFE100CC5933 /* Resources */,
				25647F459055EAB48CE76F0D /* [CP] Embed Pods Frameworks */,
			);
			buildRules = (
			);
			dependencies = (
			);
			name = Preparation;
			productName = Preparation;
			productReference = 034F5764214FCFE100CC5933 /* Preparation.app */;
			productType = "com.apple.product-type.application";
		};
		034F5777214FD02500CC5933 /* PreparationTests */ = {
			isa = PBXNativeTarget;
			buildConfigurationList = 034F578F214FD02500CC5933 /* Build configuration list for PBXNativeTarget "PreparationTests" */;
			buildPhases = (
				B7217681DB57D0B17BDFBF54 /* [CP] Check Pods Manifest.lock */,
				034F5774214FD02500CC5933 /* Sources */,
				034F5775214FD02500CC5933 /* Frameworks */,
				034F5776214FD02500CC5933 /* Resources */,
			);
			buildRules = (
			);
			dependencies = (
				034F577A214FD02500CC5933 /* PBXTargetDependency */,
			);
			name = PreparationTests;
			productName = PreparationTests;
			productReference = 034F5778214FD02500CC5933 /* PreparationTests.xctest */;
			productType = "com.apple.product-type.bundle.unit-test";
		};
		034F5782214FD02500CC5933 /* PreparationUITests */ = {
			isa = PBXNativeTarget;
			buildConfigurationList = 034F5792214FD02500CC5933 /* Build configuration list for PBXNativeTarget "PreparationUITests" */;
			buildPhases = (
				C575FA73A926224FB543E1F3 /* [CP] Check Pods Manifest.lock */,
				034F577F214FD02500CC5933 /* Sources */,
				034F5780214FD02500CC5933 /* Frameworks */,
				034F5781214FD02500CC5933 /* Resources */,
			);
			buildRules = (
			);
			dependencies = (
				034F5785214FD02500CC5933 /* PBXTargetDependency */,
			);
			name = PreparationUITests;
			productName = PreparationUITests;
			productReference = 034F5783214FD02500CC5933 /* PreparationUITests.xctest */;
			productType = "com.apple.product-type.bundle.ui-testing";
		};
/* End PBXNativeTarget section */

/* Begin PBXProject section */
		034F575C214FCFE000CC5933 /* Project object */ = {
			isa = PBXProject;
			attributes = {
				LastSwiftUpdateCheck = 0940;
				LastUpgradeCheck = 0940;
				ORGANIZATIONNAME = "Marc Boanas";
				TargetAttributes = {
					034F5763214FCFE100CC5933 = {
						CreatedOnToolsVersion = 9.4.1;
						LastSwiftMigration = 0940;
					};
					034F5777214FD02500CC5933 = {
						CreatedOnToolsVersion = 9.4.1;
						TestTargetID = 034F5763214FCFE100CC5933;
					};
					034F5782214FD02500CC5933 = {
						CreatedOnToolsVersion = 9.4.1;
						TestTargetID = 034F5763214FCFE100CC5933;
					};
				};
			};
			buildConfigurationList = 034F575F214FCFE000CC5933 /* Build configuration list for PBXProject "Preparation" */;
			compatibilityVersion = "Xcode 9.3";
			developmentRegion = en;
			hasScannedForEncodings = 0;
			knownRegions = (
				en,
				Base,
			);
			mainGroup = 034F575B214FCFDF00CC5933;
			productRefGroup = 034F5765214FCFE100CC5933 /* Products */;
			projectDirPath = "";
			projectRoot = "";
			targets = (
				034F5763214FCFE100CC5933 /* Preparation */,
				034F5777214FD02500CC5933 /* PreparationTests */,
				034F5782214FD02500CC5933 /* PreparationUITests */,
			);
		};
/* End PBXProject section */

/* Begin PBXResourcesBuildPhase section */
		034F5762214FCFE100CC5933 /* Resources */ = {
			isa = PBXResourcesBuildPhase;
			buildActionMask = 2147483647;
			files = (
				034F5796214FD4F800CC5933 /* GoogleService-Info.plist in Resources */,
				034F5772214FD02300CC5933 /* LaunchScreen.storyboard in Resources */,
				034F576F214FD02300CC5933 /* Assets.xcassets in Resources */,
				034F576D214FCFE200CC5933 /* Main.storyboard in Resources */,
			);
			runOnlyForDeploymentPostprocessing = 0;
		};
		034F5776214FD02500CC5933 /* Resources */ = {
			isa = PBXResourcesBuildPhase;
			buildActionMask = 2147483647;
			files = (
			);
			runOnlyForDeploymentPostprocessing = 0;
		};
		034F5781214FD02500CC5933 /* Resources */ = {
			isa = PBXResourcesBuildPhase;
			buildActionMask = 2147483647;
			files = (
			);
			runOnlyForDeploymentPostprocessing = 0;
		};
/* End PBXResourcesBuildPhase section */

/* Begin PBXShellScriptBuildPhase section */
		25647F459055EAB48CE76F0D /* [CP] Embed Pods Frameworks */ = {
			isa = PBXShellScriptBuildPhase;
			buildActionMask = 2147483647;
			files = (
			);
			inputPaths = (
				"${SRCROOT}/Pods/Target Support Files/Pods-Preparation/Pods-Preparation-frameworks.sh",
				"${BUILT_PRODUCTS_DIR}/GoogleUtilities/GoogleUtilities.framework",
				"${BUILT_PRODUCTS_DIR}/iosMath/iosMath.framework",
				"${BUILT_PRODUCTS_DIR}/nanopb/nanopb.framework",
			);
			name = "[CP] Embed Pods Frameworks";
			outputPaths = (
				"${TARGET_BUILD_DIR}/${FRAMEWORKS_FOLDER_PATH}/GoogleUtilities.framework",
				"${TARGET_BUILD_DIR}/${FRAMEWORKS_FOLDER_PATH}/iosMath.framework",
				"${TARGET_BUILD_DIR}/${FRAMEWORKS_FOLDER_PATH}/nanopb.framework",
			);
			runOnlyForDeploymentPostprocessing = 0;
			shellPath = /bin/sh;
			shellScript = "\"${SRCROOT}/Pods/Target Support Files/Pods-Preparation/Pods-Preparation-frameworks.sh\"\n";
			showEnvVarsInLog = 0;
		};
		300BB0545B46D84BB3498919 /* [CP] Check Pods Manifest.lock */ = {
			isa = PBXShellScriptBuildPhase;
			buildActionMask = 2147483647;
			files = (
			);
			inputPaths = (
				"${PODS_PODFILE_DIR_PATH}/Podfile.lock",
				"${PODS_ROOT}/Manifest.lock",
			);
			name = "[CP] Check Pods Manifest.lock";
			outputPaths = (
				"$(DERIVED_FILE_DIR)/Pods-Preparation-checkManifestLockResult.txt",
			);
			runOnlyForDeploymentPostprocessing = 0;
			shellPath = /bin/sh;
			shellScript = "diff \"${PODS_PODFILE_DIR_PATH}/Podfile.lock\" \"${PODS_ROOT}/Manifest.lock\" > /dev/null\nif [ $? != 0 ] ; then\n    # print error to STDERR\n    echo \"error: The sandbox is not in sync with the Podfile.lock. Run 'pod install' or update your CocoaPods installation.\" >&2\n    exit 1\nfi\n# This output is used by Xcode 'outputs' to avoid re-running this script phase.\necho \"SUCCESS\" > \"${SCRIPT_OUTPUT_FILE_0}\"\n";
			showEnvVarsInLog = 0;
		};
		B7217681DB57D0B17BDFBF54 /* [CP] Check Pods Manifest.lock */ = {
			isa = PBXShellScriptBuildPhase;
			buildActionMask = 2147483647;
			files = (
			);
			inputPaths = (
				"${PODS_PODFILE_DIR_PATH}/Podfile.lock",
				"${PODS_ROOT}/Manifest.lock",
			);
			name = "[CP] Check Pods Manifest.lock";
			outputPaths = (
				"$(DERIVED_FILE_DIR)/Pods-PreparationTests-checkManifestLockResult.txt",
			);
			runOnlyForDeploymentPostprocessing = 0;
			shellPath = /bin/sh;
			shellScript = "diff \"${PODS_PODFILE_DIR_PATH}/Podfile.lock\" \"${PODS_ROOT}/Manifest.lock\" > /dev/null\nif [ $? != 0 ] ; then\n    # print error to STDERR\n    echo \"error: The sandbox is not in sync with the Podfile.lock. Run 'pod install' or update your CocoaPods installation.\" >&2\n    exit 1\nfi\n# This output is used by Xcode 'outputs' to avoid re-running this script phase.\necho \"SUCCESS\" > \"${SCRIPT_OUTPUT_FILE_0}\"\n";
			showEnvVarsInLog = 0;
		};
		C575FA73A926224FB543E1F3 /* [CP] Check Pods Manifest.lock */ = {
			isa = PBXShellScriptBuildPhase;
			buildActionMask = 2147483647;
			files = (
			);
			inputPaths = (
				"${PODS_PODFILE_DIR_PATH}/Podfile.lock",
				"${PODS_ROOT}/Manifest.lock",
			);
			name = "[CP] Check Pods Manifest.lock";
			outputPaths = (
				"$(DERIVED_FILE_DIR)/Pods-PreparationUITests-checkManifestLockResult.txt",
			);
			runOnlyForDeploymentPostprocessing = 0;
			shellPath = /bin/sh;
			shellScript = "diff \"${PODS_PODFILE_DIR_PATH}/Podfile.lock\" \"${PODS_ROOT}/Manifest.lock\" > /dev/null\nif [ $? != 0 ] ; then\n    # print error to STDERR\n    echo \"error: The sandbox is not in sync with the Podfile.lock. Run 'pod install' or update your CocoaPods installation.\" >&2\n    exit 1\nfi\n# This output is used by Xcode 'outputs' to avoid re-running this script phase.\necho \"SUCCESS\" > \"${SCRIPT_OUTPUT_FILE_0}\"\n";
			showEnvVarsInLog = 0;
		};
/* End PBXShellScriptBuildPhase section */

/* Begin PBXSourcesBuildPhase section */
		034F5760214FCFE100CC5933 /* Sources */ = {
			isa = PBXSourcesBuildPhase;
			buildActionMask = 2147483647;
			files = (
				034F576A214FCFE200CC5933 /* ViewController.swift in Sources */,
				034F5768214FCFE100CC5933 /* AppDelegate.swift in Sources */,
			);
			runOnlyForDeploymentPostprocessing = 0;
		};
		034F5774214FD02500CC5933 /* Sources */ = {
			isa = PBXSourcesBuildPhase;
			buildActionMask = 2147483647;
			files = (
				034F577D214FD02500CC5933 /* PreparationTests.swift in Sources */,
			);
			runOnlyForDeploymentPostprocessing = 0;
		};
		034F577F214FD02500CC5933 /* Sources */ = {
			isa = PBXSourcesBuildPhase;
			buildActionMask = 2147483647;
			files = (
				034F5788214FD02500CC5933 /* PreparationUITests.swift in Sources */,
			);
			runOnlyForDeploymentPostprocessing = 0;
		};
/* End PBXSourcesBuildPhase section */

/* Begin PBXTargetDependency section */
		034F577A214FD02500CC5933 /* PBXTargetDependency */ = {
			isa = PBXTargetDependency;
			target = 034F5763214FCFE100CC5933 /* Preparation */;
			targetProxy = 034F5779214FD02500CC5933 /* PBXContainerItemProxy */;
		};
		034F5785214FD02500CC5933 /* PBXTargetDependency */ = {
			isa = PBXTargetDependency;
			target = 034F5763214FCFE100CC5933 /* Preparation */;
			targetProxy = 034F5784214FD02500CC5933 /* PBXContainerItemProxy */;
		};
/* End PBXTargetDependency section */

/* Begin PBXVariantGroup section */
		034F576B214FCFE200CC5933 /* Main.storyboard */ = {
			isa = PBXVariantGroup;
			children = (
				034F576C214FCFE200CC5933 /* Base */,
			);
			name = Main.storyboard;
			sourceTree = "<group>";
		};
		034F5770214FD02300CC5933 /* LaunchScreen.storyboard */ = {
			isa = PBXVariantGroup;
			children = (
				034F5771214FD02300CC5933 /* Base */,
			);
			name = LaunchScreen.storyboard;
			sourceTree = "<group>";
		};
/* End PBXVariantGroup section */

/* Begin XCBuildConfiguration section */
		034F578A214FD02500CC5933 /* Debug */ = {
			isa = XCBuildConfiguration;
			buildSettings = {
				ALWAYS_SEARCH_USER_PATHS = NO;
				CLANG_ANALYZER_NONNULL = YES;
				CLANG_ANALYZER_NUMBER_OBJECT_CONVERSION = YES_AGGRESSIVE;
				CLANG_CXX_LANGUAGE_STANDARD = "gnu++14";
				CLANG_CXX_LIBRARY = "libc++";
				CLANG_ENABLE_MODULES = YES;
				CLANG_ENABLE_OBJC_ARC = YES;
				CLANG_ENABLE_OBJC_WEAK = YES;
				CLANG_WARN_BLOCK_CAPTURE_AUTORELEASING = YES;
				CLANG_WARN_BOOL_CONVERSION = YES;
				CLANG_WARN_COMMA = YES;
				CLANG_WARN_CONSTANT_CONVERSION = YES;
				CLANG_WARN_DEPRECATED_OBJC_IMPLEMENTATIONS = YES;
				CLANG_WARN_DIRECT_OBJC_ISA_USAGE = YES_ERROR;
				CLANG_WARN_DOCUMENTATION_COMMENTS = YES;
				CLANG_WARN_EMPTY_BODY = YES;
				CLANG_WARN_ENUM_CONVERSION = YES;
				CLANG_WARN_INFINITE_RECURSION = YES;
				CLANG_WARN_INT_CONVERSION = YES;
				CLANG_WARN_NON_LITERAL_NULL_CONVERSION = YES;
				CLANG_WARN_OBJC_IMPLICIT_RETAIN_SELF = YES;
				CLANG_WARN_OBJC_LITERAL_CONVERSION = YES;
				CLANG_WARN_OBJC_ROOT_CLASS = YES_ERROR;
				CLANG_WARN_RANGE_LOOP_ANALYSIS = YES;
				CLANG_WARN_STRICT_PROTOTYPES = YES;
				CLANG_WARN_SUSPICIOUS_MOVE = YES;
				CLANG_WARN_UNGUARDED_AVAILABILITY = YES_AGGRESSIVE;
				CLANG_WARN_UNREACHABLE_CODE = YES;
				CLANG_WARN__DUPLICATE_METHOD_MATCH = YES;
				CODE_SIGN_IDENTITY = "iPhone Developer";
				COPY_PHASE_STRIP = NO;
				DEBUG_INFORMATION_FORMAT = dwarf;
				ENABLE_STRICT_OBJC_MSGSEND = YES;
				ENABLE_TESTABILITY = YES;
				GCC_C_LANGUAGE_STANDARD = gnu11;
				GCC_DYNAMIC_NO_PIC = NO;
				GCC_NO_COMMON_BLOCKS = YES;
				GCC_OPTIMIZATION_LEVEL = 0;
				GCC_PREPROCESSOR_DEFINITIONS = (
					"DEBUG=1",
					"$(inherited)",
				);
				GCC_WARN_64_TO_32_BIT_CONVERSION = YES;
				GCC_WARN_ABOUT_RETURN_TYPE = YES_ERROR;
				GCC_WARN_UNDECLARED_SELECTOR = YES;
				GCC_WARN_UNINITIALIZED_AUTOS = YES_AGGRESSIVE;
				GCC_WARN_UNUSED_FUNCTION = YES;
				GCC_WARN_UNUSED_VARIABLE = YES;
				IPHONEOS_DEPLOYMENT_TARGET = 11.4;
				MTL_ENABLE_DEBUG_INFO = YES;
				ONLY_ACTIVE_ARCH = YES;
				SDKROOT = iphoneos;
				SWIFT_ACTIVE_COMPILATION_CONDITIONS = DEBUG;
				SWIFT_OPTIMIZATION_LEVEL = "-Onone";
			};
			name = Debug;
		};
		034F578B214FD02500CC5933 /* Release */ = {
			isa = XCBuildConfiguration;
			buildSettings = {
				ALWAYS_SEARCH_USER_PATHS = NO;
				CLANG_ANALYZER_NONNULL = YES;
				CLANG_ANALYZER_NUMBER_OBJECT_CONVERSION = YES_AGGRESSIVE;
				CLANG_CXX_LANGUAGE_STANDARD = "gnu++14";
				CLANG_CXX_LIBRARY = "libc++";
				CLANG_ENABLE_MODULES = YES;
				CLANG_ENABLE_OBJC_ARC = YES;
				CLANG_ENABLE_OBJC_WEAK = YES;
				CLANG_WARN_BLOCK_CAPTURE_AUTORELEASING = YES;
				CLANG_WARN_BOOL_CONVERSION = YES;
				CLANG_WARN_COMMA = YES;
				CLANG_WARN_CONSTANT_CONVERSION = YES;
				CLANG_WARN_DEPRECATED_OBJC_IMPLEMENTATIONS = YES;
				CLANG_WARN_DIRECT_OBJC_ISA_USAGE = YES_ERROR;
				CLANG_WARN_DOCUMENTATION_COMMENTS = YES;
				CLANG_WARN_EMPTY_BODY = YES;
				CLANG_WARN_ENUM_CONVERSION = YES;
				CLANG_WARN_INFINITE_RECURSION = YES;
				CLANG_WARN_INT_CONVERSION = YES;
				CLANG_WARN_NON_LITERAL_NULL_CONVERSION = YES;
				CLANG_WARN_OBJC_IMPLICIT_RETAIN_SELF = YES;
				CLANG_WARN_OBJC_LITERAL_CONVERSION = YES;
				CLANG_WARN_OBJC_ROOT_CLASS = YES_ERROR;
				CLANG_WARN_RANGE_LOOP_ANALYSIS = YES;
				CLANG_WARN_STRICT_PROTOTYPES = YES;
				CLANG_WARN_SUSPICIOUS_MOVE = YES;
				CLANG_WARN_UNGUARDED_AVAILABILITY = YES_AGGRESSIVE;
				CLANG_WARN_UNREACHABLE_CODE = YES;
				CLANG_WARN__DUPLICATE_METHOD_MATCH = YES;
				CODE_SIGN_IDENTITY = "iPhone Developer";
				COPY_PHASE_STRIP = NO;
				DEBUG_INFORMATION_FORMAT = "dwarf-with-dsym";
				ENABLE_NS_ASSERTIONS = NO;
				ENABLE_STRICT_OBJC_MSGSEND = YES;
				GCC_C_LANGUAGE_STANDARD = gnu11;
				GCC_NO_COMMON_BLOCKS = YES;
				GCC_WARN_64_TO_32_BIT_CONVERSION = YES;
				GCC_WARN_ABOUT_RETURN_TYPE = YES_ERROR;
				GCC_WARN_UNDECLARED_SELECTOR = YES;
				GCC_WARN_UNINITIALIZED_AUTOS = YES_AGGRESSIVE;
				GCC_WARN_UNUSED_FUNCTION = YES;
				GCC_WARN_UNUSED_VARIABLE = YES;
				IPHONEOS_DEPLOYMENT_TARGET = 11.4;
				MTL_ENABLE_DEBUG_INFO = NO;
				SDKROOT = iphoneos;
				SWIFT_COMPILATION_MODE = wholemodule;
				SWIFT_OPTIMIZATION_LEVEL = "-O";
				VALIDATE_PRODUCT = YES;
			};
			name = Release;
		};
		034F578D214FD02500CC5933 /* Debug */ = {
			isa = XCBuildConfiguration;
			baseConfigurationReference = DDD9F314354113AF008C691C /* Pods-Preparation.debug.xcconfig */;
			buildSettings = {
				ASSETCATALOG_COMPILER_APPICON_NAME = AppIcon;
				CLANG_ENABLE_MODULES = YES;
				CODE_SIGN_STYLE = Automatic;
				DEVELOPMENT_TEAM = KC3W5NG592;
				INFOPLIST_FILE = Preparation/Info.plist;
				LD_RUNPATH_SEARCH_PATHS = (
					"$(inherited)",
					"@executable_path/Frameworks",
				);
				PRODUCT_BUNDLE_IDENTIFIER = BoanasMarc.Preparation;
				PRODUCT_NAME = "$(TARGET_NAME)";
				SWIFT_OBJC_BRIDGING_HEADER = "Preparation/Preparation-Bridging-Header.h";
				SWIFT_OPTIMIZATION_LEVEL = "-Onone";
				SWIFT_VERSION = 4.0;
				TARGETED_DEVICE_FAMILY = "1,2";
			};
			name = Debug;
		};
		034F578E214FD02500CC5933 /* Release */ = {
			isa = XCBuildConfiguration;
			baseConfigurationReference = 135601C176754E400F591E4D /* Pods-Preparation.release.xcconfig */;
			buildSettings = {
				ASSETCATALOG_COMPILER_APPICON_NAME = AppIcon;
				CLANG_ENABLE_MODULES = YES;
				CODE_SIGN_STYLE = Automatic;
				DEVELOPMENT_TEAM = KC3W5NG592;
				INFOPLIST_FILE = Preparation/Info.plist;
				LD_RUNPATH_SEARCH_PATHS = (
					"$(inherited)",
					"@executable_path/Frameworks",
				);
				PRODUCT_BUNDLE_IDENTIFIER = BoanasMarc.Preparation;
				PRODUCT_NAME = "$(TARGET_NAME)";
				SWIFT_OBJC_BRIDGING_HEADER = "Preparation/Preparation-Bridging-Header.h";
				SWIFT_VERSION = 4.0;
				TARGETED_DEVICE_FAMILY = "1,2";
			};
			name = Release;
		};
		034F5790214FD02500CC5933 /* Debug */ = {
			isa = XCBuildConfiguration;
			baseConfigurationReference = 18882669EDA36D8EFF76D450 /* Pods-PreparationTests.debug.xcconfig */;
			buildSettings = {
				ALWAYS_EMBED_SWIFT_STANDARD_LIBRARIES = YES;
				BUNDLE_LOADER = "$(TEST_HOST)";
				CODE_SIGN_STYLE = Automatic;
				DEVELOPMENT_TEAM = KC3W5NG592;
				INFOPLIST_FILE = PreparationTests/Info.plist;
				LD_RUNPATH_SEARCH_PATHS = (
					"$(inherited)",
					"@executable_path/Frameworks",
					"@loader_path/Frameworks",
				);
				PRODUCT_BUNDLE_IDENTIFIER = BoanasMarc.PreparationTests;
				PRODUCT_NAME = "$(TARGET_NAME)";
				SWIFT_VERSION = 4.0;
				TARGETED_DEVICE_FAMILY = "1,2";
				TEST_HOST = "$(BUILT_PRODUCTS_DIR)/Preparation.app/Preparation";
			};
			name = Debug;
		};
		034F5791214FD02500CC5933 /* Release */ = {
			isa = XCBuildConfiguration;
			baseConfigurationReference = 3E24AF4C7AFBE171CD923AEB /* Pods-PreparationTests.release.xcconfig */;
			buildSettings = {
				ALWAYS_EMBED_SWIFT_STANDARD_LIBRARIES = YES;
				BUNDLE_LOADER = "$(TEST_HOST)";
				CODE_SIGN_STYLE = Automatic;
				DEVELOPMENT_TEAM = KC3W5NG592;
				INFOPLIST_FILE = PreparationTests/Info.plist;
				LD_RUNPATH_SEARCH_PATHS = (
					"$(inherited)",
					"@executable_path/Frameworks",
					"@loader_path/Frameworks",
				);
				PRODUCT_BUNDLE_IDENTIFIER = BoanasMarc.PreparationTests;
				PRODUCT_NAME = "$(TARGET_NAME)";
				SWIFT_VERSION = 4.0;
				TARGETED_DEVICE_FAMILY = "1,2";
				TEST_HOST = "$(BUILT_PRODUCTS_DIR)/Preparation.app/Preparation";
			};
			name = Release;
		};
		034F5793214FD02500CC5933 /* Debug */ = {
			isa = XCBuildConfiguration;
			baseConfigurationReference = 7D15AC2B294A0CA852940525 /* Pods-PreparationUITests.debug.xcconfig */;
			buildSettings = {
				ALWAYS_EMBED_SWIFT_STANDARD_LIBRARIES = YES;
				CODE_SIGN_STYLE = Automatic;
				DEVELOPMENT_TEAM = KC3W5NG592;
				INFOPLIST_FILE = PreparationUITests/Info.plist;
				LD_RUNPATH_SEARCH_PATHS = (
					"$(inherited)",
					"@executable_path/Frameworks",
					"@loader_path/Frameworks",
				);
				PRODUCT_BUNDLE_IDENTIFIER = BoanasMarc.PreparationUITests;
				PRODUCT_NAME = "$(TARGET_NAME)";
				SWIFT_VERSION = 4.0;
				TARGETED_DEVICE_FAMILY = "1,2";
				TEST_TARGET_NAME = Preparation;
			};
			name = Debug;
		};
		034F5794214FD02500CC5933 /* Release */ = {
			isa = XCBuildConfiguration;
			baseConfigurationReference = EE6DEA6246FF472C7AA50F42 /* Pods-PreparationUITests.release.xcconfig */;
			buildSettings = {
				ALWAYS_EMBED_SWIFT_STANDARD_LIBRARIES = YES;
				CODE_SIGN_STYLE = Automatic;
				DEVELOPMENT_TEAM = KC3W5NG592;
				INFOPLIST_FILE = PreparationUITests/Info.plist;
				LD_RUNPATH_SEARCH_PATHS = (
					"$(inherited)",
					"@executable_path/Frameworks",
					"@loader_path/Frameworks",
				);
				PRODUCT_BUNDLE_IDENTIFIER = BoanasMarc.PreparationUITests;
				PRODUCT_NAME = "$(TARGET_NAME)";
				SWIFT_VERSION = 4.0;
				TARGETED_DEVICE_FAMILY = "1,2";
				TEST_TARGET_NAME = Preparation;
			};
			name = Release;
		};
/* End XCBuildConfiguration section */

/* Begin XCConfigurationList section */
		034F575F214FCFE000CC5933 /* Build configuration list for PBXProject "Preparation" */ = {
			isa = XCConfigurationList;
			buildConfigurations = (
				034F578A214FD02500CC5933 /* Debug */,
				034F578B214FD02500CC5933 /* Release */,
			);
			defaultConfigurationIsVisible = 0;
			defaultConfigurationName = Release;
		};
		034F578C214FD02500CC5933 /* Build configuration list for PBXNativeTarget "Preparation" */ = {
			isa = XCConfigurationList;
			buildConfigurations = (
				034F578D214FD02500CC5933 /* Debug */,
				034F578E214FD02500CC5933 /* Release */,
			);
			defaultConfigurationIsVisible = 0;
			defaultConfigurationName = Release;
		};
		034F578F214FD02500CC5933 /* Build configuration list for PBXNativeTarget "PreparationTests" */ = {
			isa = XCConfigurationList;
			buildConfigurations = (
				034F5790214FD02500CC5933 /* Debug */,
				034F5791214FD02500CC5933 /* Release */,
			);
			defaultConfigurationIsVisible = 0;
			defaultConfigurationName = Release;
		};
		034F5792214FD02500CC5933 /* Build configuration list for PBXNativeTarget "PreparationUITests" */ = {
			isa = XCConfigurationList;
			buildConfigurations = (
				034F5793214FD02500CC5933 /* Debug */,
				034F5794214FD02500CC5933 /* Release */,
			);
			defaultConfigurationIsVisible = 0;
			defaultConfigurationName = Release;
		};
/* End XCConfigurationList section */
	};
	rootObject = 034F575C214FCFE000CC5933 /* Project object */;
}
